
Microsoft Visual Studio Solution File, Format Version 12.00
# Visual Studio 15
VisualStudioVersion = 15.0.27004.2006
MinimumVisualStudioVersion = 10.0.40219.1
Project("{FAE04EC0-301F-11D3-BF4B-00C04F79EFBC}") = "AREA", "AREA\AREA.csproj", "{CF2B2CB9-91C5-46B6-9750-16B185CA481F}"
EndProject
Project("{FAE04EC0-301F-11D3-BF4B-00C04F79EFBC}") = "AREA.Tests", "AREA.Tests\AREA.Tests.csproj", "{E1DCE133-305F-433A-BFCF-5AEC45CA3CD5}"
EndProject
Global
	GlobalSection(SolutionConfigurationPlatforms) = preSolution
		Debug|Any CPU = Debug|Any CPU
		Release|Any CPU = Release|Any CPU
	EndGlobalSection
	GlobalSection(ProjectConfigurationPlatforms) = postSolution
		{CF2B2CB9-91C5-46B6-9750-16B185CA481F}.Debug|Any CPU.ActiveCfg = Debug|Any CPU
		{CF2B2CB9-91C5-46B6-9750-16B185CA481F}.Debug|Any CPU.Build.0 = Debug|Any CPU
		{CF2B2CB9-91C5-46B6-9750-16B185CA481F}.Release|Any CPU.ActiveCfg = Release|Any CPU
		{CF2B2CB9-91C5-46B6-9750-16B185CA481F}.Release|Any CPU.Build.0 = Release|Any CPU
		{E1DCE133-305F-433A-BFCF-5AEC45CA3CD5}.Debug|Any CPU.ActiveCfg = Debug|Any CPU
		{E1DCE133-305F-433A-BFCF-5AEC45CA3CD5}.Debug|Any CPU.Build.0 = Debug|Any CPU
		{E1DCE133-305F-433A-BFCF-5AEC45CA3CD5}.Release|Any CPU.ActiveCfg = Release|Any CPU
		{E1DCE133-305F-433A-BFCF-5AEC45CA3CD5}.Release|Any CPU.Build.0 = Release|Any CPU
	EndGlobalSection
	GlobalSection(SolutionProperties) = preSolution
		HideSolutionNode = FALSE
	EndGlobalSection
	GlobalSection(ExtensibilityGlobals) = postSolution
		SolutionGuid = {1CA37BE5-D6B7-4E4D-B787-05643C28F343}
	EndGlobalSection
EndGlobal
